# This file is automatically @generated by Wally.
# It is not intended for manual editing.
registry = "test"

[[package]]
name = "bkmazefe/econ-engine"
version = "0.0.1"
dependencies = [["ProfileService", "nidoxs/profileservice@1.0.0"], ["Promise", "evaera/promise@4.0.0"], ["Testez", "roblox/testez@0.4.1"]]

[[package]]
name = "evaera/promise"
version = "4.0.0"
dependencies = []

[[package]]
name = "nidoxs/profileservice"
version = "1.0.0"
dependencies = []

[[package]]
name = "roblox/testez"
version = "0.4.1"
dependencies = []
